
Microsoft Visual Studio Solution File, Format Version 12.00
# Visual Studio Version 16
VisualStudioVersion = 16.0.31515.178
MinimumVisualStudioVersion = 10.0.40219.1
Project("{FAE04EC0-301F-11D3-BF4B-00C04F79EFBC}") = "EmployeeTimeTracking", "EmployeeTimeTracking\EmployeeTimeTracking.csproj", "{A0457E4B-225C-41D1-B32B-5B61F17E728E}"
EndProject
Project("{FAE04EC0-301F-11D3-BF4B-00C04F79EFBC}") = "EmployeeTimeTracking.Common", "EmployeeTimeTracking.Common\EmployeeTimeTracking.Common.csproj", "{94940212-DC27-4E69-97B2-A024817D34C4}"
EndProject
Project("{FAE04EC0-301F-11D3-BF4B-00C04F79EFBC}") = "EmployeeTimeTracking.Services", "EmployeeTimeTracking. Services\EmployeeTimeTracking.Services.csproj", "{CC01F36D-2881-4C4B-B0B4-9D8225DCCA2D}"
EndProject
Project("{FAE04EC0-301F-11D3-BF4B-00C04F79EFBC}") = "EmployeeTimeTracking.Logic", "EmployeeTimeTracking. Logic\EmployeeTimeTracking.Logic.csproj", "{BF2D8956-5456-4D67-846D-2EEF78A913FE}"
EndProject
Project("{FAE04EC0-301F-11D3-BF4B-00C04F79EFBC}") = "EmployeeTimeTracking.Data", "EmployeeTimeTracking.Data\EmployeeTimeTracking.Data.csproj", "{93167591-330A-4B0B-9E6C-02DCB48C2E02}"
EndProject
Global
	GlobalSection(SolutionConfigurationPlatforms) = preSolution
		Debug|Any CPU = Debug|Any CPU
		Release|Any CPU = Release|Any CPU
	EndGlobalSection
	GlobalSection(ProjectConfigurationPlatforms) = postSolution
		{A0457E4B-225C-41D1-B32B-5B61F17E728E}.Debug|Any CPU.ActiveCfg = Debug|Any CPU
		{A0457E4B-225C-41D1-B32B-5B61F17E728E}.Debug|Any CPU.Build.0 = Debug|Any CPU
		{A0457E4B-225C-41D1-B32B-5B61F17E728E}.Release|Any CPU.ActiveCfg = Release|Any CPU
		{A0457E4B-225C-41D1-B32B-5B61F17E728E}.Release|Any CPU.Build.0 = Release|Any CPU
		{94940212-DC27-4E69-97B2-A024817D34C4}.Debug|Any CPU.ActiveCfg = Debug|Any CPU
		{94940212-DC27-4E69-97B2-A024817D34C4}.Debug|Any CPU.Build.0 = Debug|Any CPU
		{94940212-DC27-4E69-97B2-A024817D34C4}.Release|Any CPU.ActiveCfg = Release|Any CPU
		{94940212-DC27-4E69-97B2-A024817D34C4}.Release|Any CPU.Build.0 = Release|Any CPU
		{CC01F36D-2881-4C4B-B0B4-9D8225DCCA2D}.Debug|Any CPU.ActiveCfg = Debug|Any CPU
		{CC01F36D-2881-4C4B-B0B4-9D8225DCCA2D}.Debug|Any CPU.Build.0 = Debug|Any CPU
		{CC01F36D-2881-4C4B-B0B4-9D8225DCCA2D}.Release|Any CPU.ActiveCfg = Release|Any CPU
		{CC01F36D-2881-4C4B-B0B4-9D8225DCCA2D}.Release|Any CPU.Build.0 = Release|Any CPU
		{BF2D8956-5456-4D67-846D-2EEF78A913FE}.Debug|Any CPU.ActiveCfg = Debug|Any CPU
		{BF2D8956-5456-4D67-846D-2EEF78A913FE}.Debug|Any CPU.Build.0 = Debug|Any CPU
		{BF2D8956-5456-4D67-846D-2EEF78A913FE}.Release|Any CPU.ActiveCfg = Release|Any CPU
		{BF2D8956-5456-4D67-846D-2EEF78A913FE}.Release|Any CPU.Build.0 = Release|Any CPU
		{93167591-330A-4B0B-9E6C-02DCB48C2E02}.Debug|Any CPU.ActiveCfg = Debug|Any CPU
		{93167591-330A-4B0B-9E6C-02DCB48C2E02}.Debug|Any CPU.Build.0 = Debug|Any CPU
		{93167591-330A-4B0B-9E6C-02DCB48C2E02}.Release|Any CPU.ActiveCfg = Release|Any CPU
		{93167591-330A-4B0B-9E6C-02DCB48C2E02}.Release|Any CPU.Build.0 = Release|Any CPU
	EndGlobalSection
	GlobalSection(SolutionProperties) = preSolution
		HideSolutionNode = FALSE
	EndGlobalSection
	GlobalSection(ExtensibilityGlobals) = postSolution
		SolutionGuid = {4CB3F39E-1310-4E2E-A8AB-2A70031EED66}
	EndGlobalSection
EndGlobal
